
Microsoft Visual Studio Solution File, Format Version 12.00
# Visual Studio 15
VisualStudioVersion = 15.0.26020.0
MinimumVisualStudioVersion = 10.0.40219.1
Project("{8BC9CEB8-8B4A-11D0-8D11-00A0C91BC942}") = "test", "test.vcxproj", "{E731800D-986D-4E83-8FF1-B552503F99A1}"
EndProject
Project("{8BC9CEB8-8B4A-11D0-8D11-00A0C91BC942}") = "some_shit_test", "some_shit_test.vcxproj", "{8C5B48A1-6C21-4FA3-9699-8CCAF99C5346}"
EndProject
Project("{8BC9CEB8-8B4A-11D0-8D11-00A0C91BC942}") = "pre_main", "pre_main.vcxproj", "{C3B399F0-8425-475E-8697-01F167E4F51E}"
EndProject
Project("{8BC9CEB8-8B4A-11D0-8D11-00A0C91BC942}") = "simple_hex", "simple_hex.vcxproj", "{14359AC5-76E9-40C3-B973-9D6B67A40659}"
EndProject
Project("{8BC9CEB8-8B4A-11D0-8D11-00A0C91BC942}") = "simple_http", "simple_http.vcxproj", "{E503FF84-9D33-480D-8BC6-7B92F3C338C5}"
EndProject
Project("{8BC9CEB8-8B4A-11D0-8D11-00A0C91BC942}") = "thread_pool", "thread_pool.vcxproj", "{3A58CA65-5A9E-4446-B072-9F54EEC38A4C}"
EndProject
Project("{8BC9CEB8-8B4A-11D0-8D11-00A0C91BC942}") = "fake_malloc", "fake_malloc.vcxproj", "{5621B173-4AAD-4A7C-A986-E8821ECA01D4}"
EndProject
Project("{8BC9CEB8-8B4A-11D0-8D11-00A0C91BC942}") = "fake_memset", "fake_memset.vcxproj", "{C04646A6-DD94-4822-8AEA-BF8D72A6E9B4}"
EndProject
Project("{8BC9CEB8-8B4A-11D0-8D11-00A0C91BC942}") = "http_client", "http_client.vcxproj", "{A30089D3-44C9-4BA4-B50B-4252C05DF689}"
EndProject
Project("{8BC9CEB8-8B4A-11D0-8D11-00A0C91BC942}") = "win32_window_opengl", "win32_window_opengl.vcxproj", "{017B5501-659D-4ADA-A5F8-2CFE032493E5}"
EndProject
Project("{8BC9CEB8-8B4A-11D0-8D11-00A0C91BC942}") = "win32_vulkan", "win32_vulkan.vcxproj", "{AEDFBC15-710E-42F2-8771-AEA36FC608CC}"
EndProject
Project("{8BC9CEB8-8B4A-11D0-8D11-00A0C91BC942}") = "winsock_test", "winsock_test.vcxproj", "{AEA670B9-1DFB-42D0-8A14-41B600B6E15B}"
EndProject
Global
	GlobalSection(SolutionConfigurationPlatforms) = preSolution
		Debug|x64 = Debug|x64
		Debug|x86 = Debug|x86
		Release|x64 = Release|x64
		Release|x86 = Release|x86
	EndGlobalSection
	GlobalSection(ProjectConfigurationPlatforms) = postSolution
		{E731800D-986D-4E83-8FF1-B552503F99A1}.Debug|x64.ActiveCfg = Debug|x64
		{E731800D-986D-4E83-8FF1-B552503F99A1}.Debug|x64.Build.0 = Debug|x64
		{E731800D-986D-4E83-8FF1-B552503F99A1}.Debug|x86.ActiveCfg = Debug|Win32
		{E731800D-986D-4E83-8FF1-B552503F99A1}.Debug|x86.Build.0 = Debug|Win32
		{E731800D-986D-4E83-8FF1-B552503F99A1}.Release|x64.ActiveCfg = Release|x64
		{E731800D-986D-4E83-8FF1-B552503F99A1}.Release|x64.Build.0 = Release|x64
		{E731800D-986D-4E83-8FF1-B552503F99A1}.Release|x86.ActiveCfg = Release|Win32
		{E731800D-986D-4E83-8FF1-B552503F99A1}.Release|x86.Build.0 = Release|Win32
		{8C5B48A1-6C21-4FA3-9699-8CCAF99C5346}.Debug|x64.ActiveCfg = Debug|x64
		{8C5B48A1-6C21-4FA3-9699-8CCAF99C5346}.Debug|x64.Build.0 = Debug|x64
		{8C5B48A1-6C21-4FA3-9699-8CCAF99C5346}.Debug|x86.ActiveCfg = Debug|Win32
		{8C5B48A1-6C21-4FA3-9699-8CCAF99C5346}.Debug|x86.Build.0 = Debug|Win32
		{8C5B48A1-6C21-4FA3-9699-8CCAF99C5346}.Release|x64.ActiveCfg = Release|x64
		{8C5B48A1-6C21-4FA3-9699-8CCAF99C5346}.Release|x64.Build.0 = Release|x64
		{8C5B48A1-6C21-4FA3-9699-8CCAF99C5346}.Release|x86.ActiveCfg = Release|Win32
		{8C5B48A1-6C21-4FA3-9699-8CCAF99C5346}.Release|x86.Build.0 = Release|Win32
		{C3B399F0-8425-475E-8697-01F167E4F51E}.Debug|x64.ActiveCfg = Debug|x64
		{C3B399F0-8425-475E-8697-01F167E4F51E}.Debug|x64.Build.0 = Debug|x64
		{C3B399F0-8425-475E-8697-01F167E4F51E}.Debug|x86.ActiveCfg = Debug|Win32
		{C3B399F0-8425-475E-8697-01F167E4F51E}.Debug|x86.Build.0 = Debug|Win32
		{C3B399F0-8425-475E-8697-01F167E4F51E}.Release|x64.ActiveCfg = Release|x64
		{C3B399F0-8425-475E-8697-01F167E4F51E}.Release|x64.Build.0 = Release|x64
		{C3B399F0-8425-475E-8697-01F167E4F51E}.Release|x86.ActiveCfg = Release|Win32
		{C3B399F0-8425-475E-8697-01F167E4F51E}.Release|x86.Build.0 = Release|Win32
		{14359AC5-76E9-40C3-B973-9D6B67A40659}.Debug|x64.ActiveCfg = Debug|x64
		{14359AC5-76E9-40C3-B973-9D6B67A40659}.Debug|x64.Build.0 = Debug|x64
		{14359AC5-76E9-40C3-B973-9D6B67A40659}.Debug|x86.ActiveCfg = Debug|Win32
		{14359AC5-76E9-40C3-B973-9D6B67A40659}.Debug|x86.Build.0 = Debug|Win32
		{14359AC5-76E9-40C3-B973-9D6B67A40659}.Release|x64.ActiveCfg = Release|x64
		{14359AC5-76E9-40C3-B973-9D6B67A40659}.Release|x64.Build.0 = Release|x64
		{14359AC5-76E9-40C3-B973-9D6B67A40659}.Release|x86.ActiveCfg = Release|Win32
		{14359AC5-76E9-40C3-B973-9D6B67A40659}.Release|x86.Build.0 = Release|Win32
		{E503FF84-9D33-480D-8BC6-7B92F3C338C5}.Debug|x64.ActiveCfg = Debug|x64
		{E503FF84-9D33-480D-8BC6-7B92F3C338C5}.Debug|x64.Build.0 = Debug|x64
		{E503FF84-9D33-480D-8BC6-7B92F3C338C5}.Debug|x86.ActiveCfg = Debug|Win32
		{E503FF84-9D33-480D-8BC6-7B92F3C338C5}.Debug|x86.Build.0 = Debug|Win32
		{E503FF84-9D33-480D-8BC6-7B92F3C338C5}.Release|x64.ActiveCfg = Release|x64
		{E503FF84-9D33-480D-8BC6-7B92F3C338C5}.Release|x64.Build.0 = Release|x64
		{E503FF84-9D33-480D-8BC6-7B92F3C338C5}.Release|x86.ActiveCfg = Release|Win32
		{E503FF84-9D33-480D-8BC6-7B92F3C338C5}.Release|x86.Build.0 = Release|Win32
		{3A58CA65-5A9E-4446-B072-9F54EEC38A4C}.Debug|x64.ActiveCfg = Debug|x64
		{3A58CA65-5A9E-4446-B072-9F54EEC38A4C}.Debug|x64.Build.0 = Debug|x64
		{3A58CA65-5A9E-4446-B072-9F54EEC38A4C}.Debug|x86.ActiveCfg = Debug|Win32
		{3A58CA65-5A9E-4446-B072-9F54EEC38A4C}.Debug|x86.Build.0 = Debug|Win32
		{3A58CA65-5A9E-4446-B072-9F54EEC38A4C}.Release|x64.ActiveCfg = Release|x64
		{3A58CA65-5A9E-4446-B072-9F54EEC38A4C}.Release|x64.Build.0 = Release|x64
		{3A58CA65-5A9E-4446-B072-9F54EEC38A4C}.Release|x86.ActiveCfg = Release|Win32
		{3A58CA65-5A9E-4446-B072-9F54EEC38A4C}.Release|x86.Build.0 = Release|Win32
		{5621B173-4AAD-4A7C-A986-E8821ECA01D4}.Debug|x64.ActiveCfg = Debug|x64
		{5621B173-4AAD-4A7C-A986-E8821ECA01D4}.Debug|x64.Build.0 = Debug|x64
		{5621B173-4AAD-4A7C-A986-E8821ECA01D4}.Debug|x86.ActiveCfg = Debug|Win32
		{5621B173-4AAD-4A7C-A986-E8821ECA01D4}.Debug|x86.Build.0 = Debug|Win32
		{5621B173-4AAD-4A7C-A986-E8821ECA01D4}.Release|x64.ActiveCfg = Release|x64
		{5621B173-4AAD-4A7C-A986-E8821ECA01D4}.Release|x64.Build.0 = Release|x64
		{5621B173-4AAD-4A7C-A986-E8821ECA01D4}.Release|x86.ActiveCfg = Release|Win32
		{5621B173-4AAD-4A7C-A986-E8821ECA01D4}.Release|x86.Build.0 = Release|Win32
		{C04646A6-DD94-4822-8AEA-BF8D72A6E9B4}.Debug|x64.ActiveCfg = Debug|x64
		{C04646A6-DD94-4822-8AEA-BF8D72A6E9B4}.Debug|x64.Build.0 = Debug|x64
		{C04646A6-DD94-4822-8AEA-BF8D72A6E9B4}.Debug|x86.ActiveCfg = Debug|Win32
		{C04646A6-DD94-4822-8AEA-BF8D72A6E9B4}.Debug|x86.Build.0 = Debug|Win32
		{C04646A6-DD94-4822-8AEA-BF8D72A6E9B4}.Release|x64.ActiveCfg = Release|x64
		{C04646A6-DD94-4822-8AEA-BF8D72A6E9B4}.Release|x64.Build.0 = Release|x64
		{C04646A6-DD94-4822-8AEA-BF8D72A6E9B4}.Release|x86.ActiveCfg = Release|Win32
		{C04646A6-DD94-4822-8AEA-BF8D72A6E9B4}.Release|x86.Build.0 = Release|Win32
		{A30089D3-44C9-4BA4-B50B-4252C05DF689}.Debug|x64.ActiveCfg = Debug|x64
		{A30089D3-44C9-4BA4-B50B-4252C05DF689}.Debug|x64.Build.0 = Debug|x64
		{A30089D3-44C9-4BA4-B50B-4252C05DF689}.Debug|x86.ActiveCfg = Debug|Win32
		{A30089D3-44C9-4BA4-B50B-4252C05DF689}.Debug|x86.Build.0 = Debug|Win32
		{A30089D3-44C9-4BA4-B50B-4252C05DF689}.Release|x64.ActiveCfg = Release|x64
		{A30089D3-44C9-4BA4-B50B-4252C05DF689}.Release|x64.Build.0 = Release|x64
		{A30089D3-44C9-4BA4-B50B-4252C05DF689}.Release|x86.ActiveCfg = Release|Win32
		{A30089D3-44C9-4BA4-B50B-4252C05DF689}.Release|x86.Build.0 = Release|Win32
		{017B5501-659D-4ADA-A5F8-2CFE032493E5}.Debug|x64.ActiveCfg = Debug|x64
		{017B5501-659D-4ADA-A5F8-2CFE032493E5}.Debug|x64.Build.0 = Debug|x64
		{017B5501-659D-4ADA-A5F8-2CFE032493E5}.Debug|x86.ActiveCfg = Debug|Win32
		{017B5501-659D-4ADA-A5F8-2CFE032493E5}.Debug|x86.Build.0 = Debug|Win32
		{017B5501-659D-4ADA-A5F8-2CFE032493E5}.Release|x64.ActiveCfg = Release|x64
		{017B5501-659D-4ADA-A5F8-2CFE032493E5}.Release|x64.Build.0 = Release|x64
		{017B5501-659D-4ADA-A5F8-2CFE032493E5}.Release|x86.ActiveCfg = Release|Win32
		{017B5501-659D-4ADA-A5F8-2CFE032493E5}.Release|x86.Build.0 = Release|Win32
		{AEDFBC15-710E-42F2-8771-AEA36FC608CC}.Debug|x64.ActiveCfg = Debug|x64
		{AEDFBC15-710E-42F2-8771-AEA36FC608CC}.Debug|x64.Build.0 = Debug|x64
		{AEDFBC15-710E-42F2-8771-AEA36FC608CC}.Debug|x86.ActiveCfg = Debug|Win32
		{AEDFBC15-710E-42F2-8771-AEA36FC608CC}.Debug|x86.Build.0 = Debug|Win32
		{AEDFBC15-710E-42F2-8771-AEA36FC608CC}.Release|x64.ActiveCfg = Release|x64
		{AEDFBC15-710E-42F2-8771-AEA36FC608CC}.Release|x64.Build.0 = Release|x64
		{AEDFBC15-710E-42F2-8771-AEA36FC608CC}.Release|x86.ActiveCfg = Release|Win32
		{AEDFBC15-710E-42F2-8771-AEA36FC608CC}.Release|x86.Build.0 = Release|Win32
		{AEA670B9-1DFB-42D0-8A14-41B600B6E15B}.Debug|x64.ActiveCfg = Debug|x64
		{AEA670B9-1DFB-42D0-8A14-41B600B6E15B}.Debug|x64.Build.0 = Debug|x64
		{AEA670B9-1DFB-42D0-8A14-41B600B6E15B}.Debug|x86.ActiveCfg = Debug|Win32
		{AEA670B9-1DFB-42D0-8A14-41B600B6E15B}.Debug|x86.Build.0 = Debug|Win32
		{AEA670B9-1DFB-42D0-8A14-41B600B6E15B}.Release|x64.ActiveCfg = Release|x64
		{AEA670B9-1DFB-42D0-8A14-41B600B6E15B}.Release|x64.Build.0 = Release|x64
		{AEA670B9-1DFB-42D0-8A14-41B600B6E15B}.Release|x86.ActiveCfg = Release|Win32
		{AEA670B9-1DFB-42D0-8A14-41B600B6E15B}.Release|x86.Build.0 = Release|Win32
	EndGlobalSection
	GlobalSection(SolutionProperties) = preSolution
		HideSolutionNode = FALSE
	EndGlobalSection
EndGlobal
